# THIS IS AN AUTOGENERATED FILE. DO NOT EDIT THIS FILE DIRECTLY.
# yarn lockfile v1


csv-generate@^4.4.0:
  version "4.4.0"
  resolved "https://registry.yarnpkg.com/csv-generate/-/csv-generate-4.4.0.tgz#007575d825e537d9690e687f82fdf4a745e8c226"
  integrity sha512-geM01acNPZ0wr4/9sKev5fCzFG/tsc/NbuFWrhLc47M1zQyUdEJH65+cxTLIVafEwhBjIYwQ7fdOL9roBqVltQ==

csv-parse@^5.5.5:
  version "5.5.5"
  resolved "https://registry.yarnpkg.com/csv-parse/-/csv-parse-5.5.5.tgz#68a271a9092877b830541805e14c8a80e6a22517"
  integrity sha512-erCk7tyU3yLWAhk6wvKxnyPtftuy/6Ak622gOO7BCJ05+TYffnPCJF905wmOQm+BpkX54OdAl8pveJwUdpnCXQ==

csv-stringify@^6.4.6:
  version "6.4.6"
  resolved "https://registry.yarnpkg.com/csv-stringify/-/csv-stringify-6.4.6.tgz#9ccf87cb8b017c96673a9fa061768c8ba83e8b98"
  integrity sha512-h2V2XZ3uOTLilF5dPIptgUfN/o2ia/80Ie0Lly18LAnw5s8Eb7kt8rfxSUy24AztJZas9f6DPZpVlzDUtFt/ag==

csv@^6.3.8:
  version "6.3.8"
  resolved "https://registry.yarnpkg.com/csv/-/csv-6.3.8.tgz#c38ad67093622b9fcbce0afaeaab29d1bddeeceb"
  integrity sha512-gRh3yiT9bHBA5ka2yOpyFqAVu/ZpwWzajMUR/es0ljevAE88WyHBuMUy7jzd2o5j6LYQesEO/AyhbQ9BhbDXUA==
  dependencies:
    csv-generate "^4.4.0"
    csv-parse "^5.5.5"
    csv-stringify "^6.4.6"
    stream-transform "^3.3.1"

stream-transform@^3.3.1:
  version "3.3.1"
  resolved "https://registry.yarnpkg.com/stream-transform/-/stream-transform-3.3.1.tgz#f8bb6a811e505056b6a215c466e4c2760347189f"
  integrity sha512-BL8pv9QL8Ikd11oZwlRDp1qYMhGR0i50zI9ltoijKGc4ubQWal/Rc4p6SYJp1TBOGpE0uAGchwbxOZ1ycwTuqQ==
