# THIS IS AN AUTOGENERATED FILE. DO NOT EDIT THIS FILE DIRECTLY.
# yarn lockfile v1


asap@^2.0.0:
  version "2.0.6"
  resolved "https://registry.npmjs.org/asap/-/asap-2.0.6.tgz"
  integrity sha512-BSHWgDSAiKs50o2Re8ppvp3seVHXSRM44cdSsT9FfNEUUZLOGWVCsiWaRPWM1Znn+mqZ1OfVZ3z3DWEzSp7hRA==

csv-generate@^4.4.0:
  version "4.4.0"
  resolved "https://registry.npmjs.org/csv-generate/-/csv-generate-4.4.0.tgz"
  integrity sha512-geM01acNPZ0wr4/9sKev5fCzFG/tsc/NbuFWrhLc47M1zQyUdEJH65+cxTLIVafEwhBjIYwQ7fdOL9roBqVltQ==

csv-parse@^5.5.5:
  version "5.5.5"
  resolved "https://registry.npmjs.org/csv-parse/-/csv-parse-5.5.5.tgz"
  integrity sha512-erCk7tyU3yLWAhk6wvKxnyPtftuy/6Ak622gOO7BCJ05+TYffnPCJF905wmOQm+BpkX54OdAl8pveJwUdpnCXQ==

csv-stringify@^6.4.6:
  version "6.4.6"
  resolved "https://registry.npmjs.org/csv-stringify/-/csv-stringify-6.4.6.tgz"
  integrity sha512-h2V2XZ3uOTLilF5dPIptgUfN/o2ia/80Ie0Lly18LAnw5s8Eb7kt8rfxSUy24AztJZas9f6DPZpVlzDUtFt/ag==

csv@^6.3.8:
  version "6.3.8"
  resolved "https://registry.npmjs.org/csv/-/csv-6.3.8.tgz"
  integrity sha512-gRh3yiT9bHBA5ka2yOpyFqAVu/ZpwWzajMUR/es0ljevAE88WyHBuMUy7jzd2o5j6LYQesEO/AyhbQ9BhbDXUA==
  dependencies:
    csv-generate "^4.4.0"
    csv-parse "^5.5.5"
    csv-stringify "^6.4.6"
    stream-transform "^3.3.1"

dezalgo@^1.0.4:
  version "1.0.4"
  resolved "https://registry.npmjs.org/dezalgo/-/dezalgo-1.0.4.tgz"
  integrity sha512-rXSP0bf+5n0Qonsb+SVVfNfIsimO4HEtmnIpPHY8Q1UCzKlQrDMfdobr8nJOOsRgWCyMRqeSBQzmWUMq7zvVig==
  dependencies:
    asap "^2.0.0"
    wrappy "1"

formidable@^3.5.1:
  version "3.5.1"
  resolved "https://registry.npmjs.org/formidable/-/formidable-3.5.1.tgz"
  integrity sha512-WJWKelbRHN41m5dumb0/k8TeAx7Id/y3a+Z7QfhxP/htI9Js5zYaEDtG8uMgG0vM0lOlqnmjE99/kfpOYi/0Og==
  dependencies:
    dezalgo "^1.0.4"
    hexoid "^1.0.0"
    once "^1.4.0"

hexoid@^1.0.0:
  version "1.0.0"
  resolved "https://registry.npmjs.org/hexoid/-/hexoid-1.0.0.tgz"
  integrity sha512-QFLV0taWQOZtvIRIAdBChesmogZrtuXvVWsFHZTk2SU+anspqZ2vMnoLg7IE1+Uk16N19APic1BuF8bC8c2m5g==

moment-timezone@^0.5.45:
  version "0.5.45"
  resolved "https://registry.npmjs.org/moment-timezone/-/moment-timezone-0.5.45.tgz"
  integrity sha512-HIWmqA86KcmCAhnMAN0wuDOARV/525R2+lOLotuGFzn4HO+FH+/645z2wx0Dt3iDv6/p61SIvKnDstISainhLQ==
  dependencies:
    moment "^2.29.4"

moment@^2.29.4:
  version "2.30.1"
  resolved "https://registry.npmjs.org/moment/-/moment-2.30.1.tgz"
  integrity sha512-uEmtNhbDOrWPFS+hdjFCBfy9f2YoyzRpwcl+DqpC6taX21FzsTLQVbMV/W7PzNSX6x/bhC1zA3c2UQ5NzH6how==

node-cron@^3.0.3:
  version "3.0.3"
  resolved "https://registry.npmjs.org/node-cron/-/node-cron-3.0.3.tgz"
  integrity sha512-dOal67//nohNgYWb+nWmg5dkFdIwDm8EpeGYMekPMrngV3637lqnX0lbUcCtgibHTz6SEz7DAIjKvKDFYCnO1A==
  dependencies:
    uuid "8.3.2"

once@^1.4.0:
  version "1.4.0"
  resolved "https://registry.npmjs.org/once/-/once-1.4.0.tgz"
  integrity sha512-lNaJgI+2Q5URQBkccEKHTQOPaXdUxnZZElQTZY0MFUAuaEqe1E+Nyvgdz/aIyNi6Z9MzO5dv1H8n58/GELp3+w==
  dependencies:
    wrappy "1"

stream-transform@^3.3.1:
  version "3.3.1"
  resolved "https://registry.npmjs.org/stream-transform/-/stream-transform-3.3.1.tgz"
  integrity sha512-BL8pv9QL8Ikd11oZwlRDp1qYMhGR0i50zI9ltoijKGc4ubQWal/Rc4p6SYJp1TBOGpE0uAGchwbxOZ1ycwTuqQ==

uuid@8.3.2:
  version "8.3.2"
  resolved "https://registry.npmjs.org/uuid/-/uuid-8.3.2.tgz"
  integrity sha512-+NYs2QeMWy+GWFOEm9xnn6HCDp0l7QBD7ml8zLUmJ+93Q5NF0NocErnwkTkXVFNiX3/fpC6afS8Dhb/gz7R7eg==

wrappy@1:
  version "1.0.2"
  resolved "https://registry.npmjs.org/wrappy/-/wrappy-1.0.2.tgz"
  integrity sha512-l4Sp/DRseor9wL6EvV2+TuQn63dMkPjZ/sp9XkghTEbV9KlPS1xUsZ3u7/IQO4wxtcFB4bgpQPRcR3QCvezPcQ==
